
Microsoft Visual Studio Solution File, Format Version 12.00
# Visual Studio Version 17
VisualStudioVersion = 17.4.33205.214
MinimumVisualStudioVersion = 10.0.40219.1
Project("{FAE04EC0-301F-11D3-BF4B-00C04F79EFBC}") = "XSLT_Documant", "XSLT_Documant\XSLT_Documant.csproj", "{F23BC96F-F4AD-4B6F-B0C2-239B7FAFFE7D}"
EndProject
Global
	GlobalSection(SolutionConfigurationPlatforms) = preSolution
		Debug|Any CPU = Debug|Any CPU
		Release|Any CPU = Release|Any CPU
	EndGlobalSection
	GlobalSection(ProjectConfigurationPlatforms) = postSolution
		{F23BC96F-F4AD-4B6F-B0C2-239B7FAFFE7D}.Debug|Any CPU.ActiveCfg = Debug|Any CPU
		{F23BC96F-F4AD-4B6F-B0C2-239B7FAFFE7D}.Debug|Any CPU.Build.0 = Debug|Any CPU
		{F23BC96F-F4AD-4B6F-B0C2-239B7FAFFE7D}.Release|Any CPU.ActiveCfg = Release|Any CPU
		{F23BC96F-F4AD-4B6F-B0C2-239B7FAFFE7D}.Release|Any CPU.Build.0 = Release|Any CPU
	EndGlobalSection
	GlobalSection(SolutionProperties) = preSolution
		HideSolutionNode = FALSE
	EndGlobalSection
	GlobalSection(ExtensibilityGlobals) = postSolution
		SolutionGuid = {61BCCB15-63F3-4EB1-B9CD-7AC4AB16B414}
	EndGlobalSection
EndGlobal
